
Microsoft Visual Studio Solution File, Format Version 12.00
# Visual Studio 15
VisualStudioVersion = 15.0.28307.572
MinimumVisualStudioVersion = 10.0.40219.1
Project("{9A19103F-16F7-4668-BE54-9A1E7A4F7556}") = "FF01", "FF01\FF01.csproj", "{DD2B88C7-623E-4729-AB91-4DD3EBE825D6}"
EndProject
Project("{9A19103F-16F7-4668-BE54-9A1E7A4F7556}") = "FF01.Data", "FF01.Data\FF01.Data.csproj", "{78BBD9A4-12AA-4ABF-BA52-407DD0EDFA4C}"
EndProject
Project("{FAE04EC0-301F-11D3-BF4B-00C04F79EFBC}") = "FF01.Service", "FF01.Service\FF01.Service.csproj", "{1AB929BD-085D-487B-A8D1-70F6E125EC5B}"
EndProject
Global
	GlobalSection(SolutionConfigurationPlatforms) = preSolution
		Debug|Any CPU = Debug|Any CPU
		Release|Any CPU = Release|Any CPU
	EndGlobalSection
	GlobalSection(ProjectConfigurationPlatforms) = postSolution
		{DD2B88C7-623E-4729-AB91-4DD3EBE825D6}.Debug|Any CPU.ActiveCfg = Debug|Any CPU
		{DD2B88C7-623E-4729-AB91-4DD3EBE825D6}.Debug|Any CPU.Build.0 = Debug|Any CPU
		{DD2B88C7-623E-4729-AB91-4DD3EBE825D6}.Release|Any CPU.ActiveCfg = Release|Any CPU
		{DD2B88C7-623E-4729-AB91-4DD3EBE825D6}.Release|Any CPU.Build.0 = Release|Any CPU
		{78BBD9A4-12AA-4ABF-BA52-407DD0EDFA4C}.Debug|Any CPU.ActiveCfg = Debug|Any CPU
		{78BBD9A4-12AA-4ABF-BA52-407DD0EDFA4C}.Debug|Any CPU.Build.0 = Debug|Any CPU
		{78BBD9A4-12AA-4ABF-BA52-407DD0EDFA4C}.Release|Any CPU.ActiveCfg = Release|Any CPU
		{78BBD9A4-12AA-4ABF-BA52-407DD0EDFA4C}.Release|Any CPU.Build.0 = Release|Any CPU
		{1AB929BD-085D-487B-A8D1-70F6E125EC5B}.Debug|Any CPU.ActiveCfg = Debug|Any CPU
		{1AB929BD-085D-487B-A8D1-70F6E125EC5B}.Debug|Any CPU.Build.0 = Debug|Any CPU
		{1AB929BD-085D-487B-A8D1-70F6E125EC5B}.Release|Any CPU.ActiveCfg = Release|Any CPU
		{1AB929BD-085D-487B-A8D1-70F6E125EC5B}.Release|Any CPU.Build.0 = Release|Any CPU
	EndGlobalSection
	GlobalSection(SolutionProperties) = preSolution
		HideSolutionNode = FALSE
	EndGlobalSection
	GlobalSection(ExtensibilityGlobals) = postSolution
		SolutionGuid = {C05953CB-44E2-4C36-BE71-E29E4D5D0D7E}
	EndGlobalSection
EndGlobal
